
Microsoft Visual Studio Solution File, Format Version 12.00
# Visual Studio Version 16
VisualStudioVersion = 16.0.32228.343
MinimumVisualStudioVersion = 10.0.40219.1
Project("{FAE04EC0-301F-11D3-BF4B-00C04F79EFBC}") = "CalculationFormulaExecuter", "CalculationFormulaExecuter.csproj", "{2CECE8B1-EFA2-491A-8C7B-FFD697A3A8A4}"
EndProject
Global
	GlobalSection(SolutionConfigurationPlatforms) = preSolution
		Debug|Any CPU = Debug|Any CPU
		Release|Any CPU = Release|Any CPU
	EndGlobalSection
	GlobalSection(ProjectConfigurationPlatforms) = postSolution
		{2CECE8B1-EFA2-491A-8C7B-FFD697A3A8A4}.Debug|Any CPU.ActiveCfg = Debug|Any CPU
		{2CECE8B1-EFA2-491A-8C7B-FFD697A3A8A4}.Debug|Any CPU.Build.0 = Debug|Any CPU
		{2CECE8B1-EFA2-491A-8C7B-FFD697A3A8A4}.Release|Any CPU.ActiveCfg = Release|Any CPU
		{2CECE8B1-EFA2-491A-8C7B-FFD697A3A8A4}.Release|Any CPU.Build.0 = Release|Any CPU
	EndGlobalSection
	GlobalSection(SolutionProperties) = preSolution
		HideSolutionNode = FALSE
	EndGlobalSection
	GlobalSection(ExtensibilityGlobals) = postSolution
		SolutionGuid = {C09BF589-2E74-478C-97B1-9615C4437D6D}
	EndGlobalSection
EndGlobal
